
Microsoft Visual Studio Solution File, Format Version 12.00
# Visual Studio Version 16
VisualStudioVersion = 16.0.31515.178
MinimumVisualStudioVersion = 10.0.40219.1
Project("{FAE04EC0-301F-11D3-BF4B-00C04F79EFBC}") = "MVC.API", "MVC.API\MVC.API.csproj", "{D002F3F8-37E5-4B3F-958C-A35DF76E15C9}"
EndProject
Project("{FAE04EC0-301F-11D3-BF4B-00C04F79EFBC}") = "MVC.API.Tests", "MVC.API.Tests\MVC.API.Tests.csproj", "{15CB233B-1A04-4666-916D-DD9724B63D4C}"
EndProject
Global
	GlobalSection(SolutionConfigurationPlatforms) = preSolution
		Debug|Any CPU = Debug|Any CPU
		Release|Any CPU = Release|Any CPU
	EndGlobalSection
	GlobalSection(ProjectConfigurationPlatforms) = postSolution
		{D002F3F8-37E5-4B3F-958C-A35DF76E15C9}.Debug|Any CPU.ActiveCfg = Debug|Any CPU
		{D002F3F8-37E5-4B3F-958C-A35DF76E15C9}.Debug|Any CPU.Build.0 = Debug|Any CPU
		{D002F3F8-37E5-4B3F-958C-A35DF76E15C9}.Release|Any CPU.ActiveCfg = Release|Any CPU
		{D002F3F8-37E5-4B3F-958C-A35DF76E15C9}.Release|Any CPU.Build.0 = Release|Any CPU
		{15CB233B-1A04-4666-916D-DD9724B63D4C}.Debug|Any CPU.ActiveCfg = Debug|Any CPU
		{15CB233B-1A04-4666-916D-DD9724B63D4C}.Debug|Any CPU.Build.0 = Debug|Any CPU
		{15CB233B-1A04-4666-916D-DD9724B63D4C}.Release|Any CPU.ActiveCfg = Release|Any CPU
		{15CB233B-1A04-4666-916D-DD9724B63D4C}.Release|Any CPU.Build.0 = Release|Any CPU
	EndGlobalSection
	GlobalSection(SolutionProperties) = preSolution
		HideSolutionNode = FALSE
	EndGlobalSection
	GlobalSection(ExtensibilityGlobals) = postSolution
		SolutionGuid = {AC26BF8A-843D-41AC-A892-A7C8E7315D59}
	EndGlobalSection
EndGlobal
